<Solution>
  <Folder Name="/src/">
    <Project Path="src/OnlineStore.Application/OnlineStore.Application.csproj" />
    <Project Path="src/OnlineStore.Domain/OnlineStore.Domain.csproj" />
    <Project Path="src/OnlineStore.Infrastructure/OnlineStore.Infrastructure.csproj" />
    <Project Path="src/OnlineStore.Webapp/OnlineStore.Webapp.csproj" />
  </Folder>
</Solution>
